github.com/google/go-github/v47 v47.1.0 h1:Cacm/WxQBOa9lF0FT0EMjZ2BWMetQ1TQfyurn4yF1z8=
github.com/google/go-github/v47 v47.1.0/go.mod h1:VPZBXNbFSJGjyjFRUKo9vZGawTajnWzC/YjGw/oFKi0=
github.com/google/go-github/v47 v47.1.1-0.20220922183808-8a4bdb5e400f h1:jvmRx0cfkP8S+0YmCCKK8ksIcRaqenmv7Wqm0SYcnSE=
github.com/google/go-github/v47 v47.1.1-0.20220922183808-8a4bdb5e400f/go.mod h1:VPZBXNbFSJGjyjFRUKo9vZGawTajnWzC/YjGw/oFKi0=
